
Microsoft Visual Studio Solution File, Format Version 12.00
# Visual Studio 2013
VisualStudioVersion = 12.0.40629.0
MinimumVisualStudioVersion = 10.0.40219.1
Project("{FAE04EC0-301F-11D3-BF4B-00C04F79EFBC}") = "GenericPaymentService", "GenericPaymentService\GenericPaymentService.csproj", "{6137BE62-4E13-47AB-961A-0CAB86610CE9}"
EndProject
Project("{00D1A9C2-B5F0-4AF3-8072-F6C62B433612}") = "GenericPaymentService.Database", "GenericPaymentService.Database\GenericPaymentService.Database.sqlproj", "{0666B3C7-012E-4493-A244-DF5EF1C3A943}"
EndProject
Global
	GlobalSection(SolutionConfigurationPlatforms) = preSolution
		Debug|Any CPU = Debug|Any CPU
		Release|Any CPU = Release|Any CPU
	EndGlobalSection
	GlobalSection(ProjectConfigurationPlatforms) = postSolution
		{6137BE62-4E13-47AB-961A-0CAB86610CE9}.Debug|Any CPU.ActiveCfg = Debug|Any CPU
		{6137BE62-4E13-47AB-961A-0CAB86610CE9}.Debug|Any CPU.Build.0 = Debug|Any CPU
		{6137BE62-4E13-47AB-961A-0CAB86610CE9}.Release|Any CPU.ActiveCfg = Release|Any CPU
		{6137BE62-4E13-47AB-961A-0CAB86610CE9}.Release|Any CPU.Build.0 = Release|Any CPU
		{0666B3C7-012E-4493-A244-DF5EF1C3A943}.Debug|Any CPU.ActiveCfg = Debug|Any CPU
		{0666B3C7-012E-4493-A244-DF5EF1C3A943}.Debug|Any CPU.Build.0 = Debug|Any CPU
		{0666B3C7-012E-4493-A244-DF5EF1C3A943}.Debug|Any CPU.Deploy.0 = Debug|Any CPU
		{0666B3C7-012E-4493-A244-DF5EF1C3A943}.Release|Any CPU.ActiveCfg = Release|Any CPU
		{0666B3C7-012E-4493-A244-DF5EF1C3A943}.Release|Any CPU.Build.0 = Release|Any CPU
		{0666B3C7-012E-4493-A244-DF5EF1C3A943}.Release|Any CPU.Deploy.0 = Release|Any CPU
	EndGlobalSection
	GlobalSection(SolutionProperties) = preSolution
		HideSolutionNode = FALSE
	EndGlobalSection
EndGlobal
